// !$*UTF8*$!
{
	archiveVersion = 1;
	classes = {
	};
	objectVersion = 46;
	objects = {

/* Begin PBXBuildFile section */
		AC90645A1BE92B0F0051B57F /* main.m in Sources */ = {isa = PBXBuildFile; fileRef = AC9064591BE92B0F0051B57F /* main.m */; };
		AC90645D1BE92B0F0051B57F /* AppDelegate.m in Sources */ = {isa = PBXBuildFile; fileRef = AC90645C1BE92B0F0051B57F /* AppDelegate.m */; };
		AC9064601BE92B0F0051B57F /* ViewController.m in Sources */ = {isa = PBXBuildFile; fileRef = AC90645F1BE92B0F0051B57F /* ViewController.m */; };
		AC9064631BE92B0F0051B57F /* Main.storyboard in Resources */ = {isa = PBXBuildFile; fileRef = AC9064611BE92B0F0051B57F /* Main.storyboard */; };
		AC9064651BE92B0F0051B57F /* Assets.xcassets in Resources */ = {isa = PBXBuildFile; fileRef = AC9064641BE92B0F0051B57F /* Assets.xcassets */; };
		AC9064681BE92B0F0051B57F /* LaunchScreen.storyboard in Resources */ = {isa = PBXBuildFile; fileRef = AC9064661BE92B0F0051B57F /* LaunchScreen.storyboard */; };
		AC9064701BE92B310051B57F /* TwilioIPMessagingClient.framework in Frameworks */ = {isa = PBXBuildFile; fileRef = AC90646F1BE92B310051B57F /* TwilioIPMessagingClient.framework */; settings = {ASSET_TAGS = (); }; };
		AC9064721BE92B3C0051B57F /* libc++.tbd in Frameworks */ = {isa = PBXBuildFile; fileRef = AC9064711BE92B3C0051B57F /* libc++.tbd */; };
		AC9064781BE92EA30051B57F /* IPMessagingManager.m in Sources */ = {isa = PBXBuildFile; fileRef = AC9064771BE92EA30051B57F /* IPMessagingManager.m */; settings = {ASSET_TAGS = (); }; };
		AC90647E1BE961470051B57F /* logo.png in Resources */ = {isa = PBXBuildFile; fileRef = AC90647D1BE961470051B57F /* logo.png */; settings = {ASSET_TAGS = (); }; };
/* End PBXBuildFile section */

/* Begin PBXFileReference section */
		AC9064551BE92B0F0051B57F /* IPMQuickstart.app */ = {isa = PBXFileReference; explicitFileType = wrapper.application; includeInIndex = 0; path = IPMQuickstart.app; sourceTree = BUILT_PRODUCTS_DIR; };
		AC9064591BE92B0F0051B57F /* main.m */ = {isa = PBXFileReference; lastKnownFileType = sourcecode.c.objc; path = main.m; sourceTree = "<group>"; };
		AC90645B1BE92B0F0051B57F /* AppDelegate.h */ = {isa = PBXFileReference; lastKnownFileType = sourcecode.c.h; path = AppDelegate.h; sourceTree = "<group>"; };
		AC90645C1BE92B0F0051B57F /* AppDelegate.m */ = {isa = PBXFileReference; lastKnownFileType = sourcecode.c.objc; path = AppDelegate.m; sourceTree = "<group>"; };
		AC90645E1BE92B0F0051B57F /* ViewController.h */ = {isa = PBXFileReference; lastKnownFileType = sourcecode.c.h; path = ViewController.h; sourceTree = "<group>"; };
		AC90645F1BE92B0F0051B57F /* ViewController.m */ = {isa = PBXFileReference; lastKnownFileType = sourcecode.c.objc; path = ViewController.m; sourceTree = "<group>"; };
		AC9064621BE92B0F0051B57F /* Base */ = {isa = PBXFileReference; lastKnownFileType = file.storyboard; name = Base; path = Base.lproj/Main.storyboard; sourceTree = "<group>"; };
		AC9064641BE92B0F0051B57F /* Assets.xcassets */ = {isa = PBXFileReference; lastKnownFileType = folder.assetcatalog; path = Assets.xcassets; sourceTree = "<group>"; };
		AC9064671BE92B0F0051B57F /* Base */ = {isa = PBXFileReference; lastKnownFileType = file.storyboard; name = Base; path = Base.lproj/LaunchScreen.storyboard; sourceTree = "<group>"; };
		AC9064691BE92B0F0051B57F /* Info.plist */ = {isa = PBXFileReference; lastKnownFileType = text.plist.xml; path = Info.plist; sourceTree = "<group>"; };
		AC90646F1BE92B310051B57F /* TwilioIPMessagingClient.framework */ = {isa = PBXFileReference; lastKnownFileType = wrapper.framework; path = TwilioIPMessagingClient.framework; sourceTree = "<group>"; };
		AC9064711BE92B3C0051B57F /* libc++.tbd */ = {isa = PBXFileReference; lastKnownFileType = "sourcecode.text-based-dylib-definition"; name = "libc++.tbd"; path = "usr/lib/libc++.tbd"; sourceTree = SDKROOT; };
		AC9064761BE92EA30051B57F /* IPMessagingManager.h */ = {isa = PBXFileReference; fileEncoding = 4; lastKnownFileType = sourcecode.c.h; path = IPMessagingManager.h; sourceTree = "<group>"; };
		AC9064771BE92EA30051B57F /* IPMessagingManager.m */ = {isa = PBXFileReference; fileEncoding = 4; lastKnownFileType = sourcecode.c.objc; path = IPMessagingManager.m; sourceTree = "<group>"; };
		AC90647D1BE961470051B57F /* logo.png */ = {isa = PBXFileReference; lastKnownFileType = image.png; path = logo.png; sourceTree = "<group>"; };
/* End PBXFileReference section */

/* Begin PBXFrameworksBuildPhase section */
		AC9064521BE92B0F0051B57F /* Frameworks */ = {
			isa = PBXFrameworksBuildPhase;
			buildActionMask = 2147483647;
			files = (
				AC9064721BE92B3C0051B57F /* libc++.tbd in Frameworks */,
				AC9064701BE92B310051B57F /* TwilioIPMessagingClient.framework in Frameworks */,
			);
			runOnlyForDeploymentPostprocessing = 0;
		};
/* End PBXFrameworksBuildPhase section */

/* Begin PBXGroup section */
		AC90644C1BE92B0F0051B57F = {
			isa = PBXGroup;
			children = (
				AC9064711BE92B3C0051B57F /* libc++.tbd */,
				AC90646F1BE92B310051B57F /* TwilioIPMessagingClient.framework */,
				AC9064571BE92B0F0051B57F /* IPMQuickstart */,
				AC9064561BE92B0F0051B57F /* Products */,
			);
			sourceTree = "<group>";
		};
		AC9064561BE92B0F0051B57F /* Products */ = {
			isa = PBXGroup;
			children = (
				AC9064551BE92B0F0051B57F /* IPMQuickstart.app */,
			);
			name = Products;
			sourceTree = "<group>";
		};
		AC9064571BE92B0F0051B57F /* IPMQuickstart */ = {
			isa = PBXGroup;
			children = (
				AC90645B1BE92B0F0051B57F /* AppDelegate.h */,
				AC90645C1BE92B0F0051B57F /* AppDelegate.m */,
				AC90645E1BE92B0F0051B57F /* ViewController.h */,
				AC90645F1BE92B0F0051B57F /* ViewController.m */,
				AC9064761BE92EA30051B57F /* IPMessagingManager.h */,
				AC9064771BE92EA30051B57F /* IPMessagingManager.m */,
				AC9064611BE92B0F0051B57F /* Main.storyboard */,
				AC90647D1BE961470051B57F /* logo.png */,
				AC9064641BE92B0F0051B57F /* Assets.xcassets */,
				AC9064661BE92B0F0051B57F /* LaunchScreen.storyboard */,
				AC9064691BE92B0F0051B57F /* Info.plist */,
				AC9064581BE92B0F0051B57F /* Supporting Files */,
			);
			path = IPMQuickstart;
			sourceTree = "<group>";
		};
		AC9064581BE92B0F0051B57F /* Supporting Files */ = {
			isa = PBXGroup;
			children = (
				AC9064591BE92B0F0051B57F /* main.m */,
			);
			name = "Supporting Files";
			sourceTree = "<group>";
		};
/* End PBXGroup section */

/* Begin PBXNativeTarget section */
		AC9064541BE92B0F0051B57F /* IPMQuickstart */ = {
			isa = PBXNativeTarget;
			buildConfigurationList = AC90646C1BE92B0F0051B57F /* Build configuration list for PBXNativeTarget "IPMQuickstart" */;
			buildPhases = (
				AC9064511BE92B0F0051B57F /* Sources */,
				AC9064521BE92B0F0051B57F /* Frameworks */,
				AC9064531BE92B0F0051B57F /* Resources */,
			);
			buildRules = (
			);
			dependencies = (
			);
			name = IPMQuickstart;
			productName = IPMQuickstart;
			productReference = AC9064551BE92B0F0051B57F /* IPMQuickstart.app */;
			productType = "com.apple.product-type.application";
		};
/* End PBXNativeTarget section */

/* Begin PBXProject section */
		AC90644D1BE92B0F0051B57F /* Project object */ = {
			isa = PBXProject;
			attributes = {
				LastUpgradeCheck = 0700;
				ORGANIZATIONNAME = "Siraj Raval";
				TargetAttributes = {
					AC9064541BE92B0F0051B57F = {
						CreatedOnToolsVersion = 7.0.1;
					};
				};
			};
			buildConfigurationList = AC9064501BE92B0F0051B57F /* Build configuration list for PBXProject "IPMQuickstart" */;
			compatibilityVersion = "Xcode 3.2";
			developmentRegion = English;
			hasScannedForEncodings = 0;
			knownRegions = (
				en,
				Base,
			);
			mainGroup = AC90644C1BE92B0F0051B57F;
			productRefGroup = AC9064561BE92B0F0051B57F /* Products */;
			projectDirPath = "";
			projectRoot = "";
			targets = (
				AC9064541BE92B0F0051B57F /* IPMQuickstart */,
			);
		};
/* End PBXProject section */

/* Begin PBXResourcesBuildPhase section */
		AC9064531BE92B0F0051B57F /* Resources */ = {
			isa = PBXResourcesBuildPhase;
			buildActionMask = 2147483647;
			files = (
				AC90647E1BE961470051B57F /* logo.png in Resources */,
				AC9064681BE92B0F0051B57F /* LaunchScreen.storyboard in Resources */,
				AC9064651BE92B0F0051B57F /* Assets.xcassets in Resources */,
				AC9064631BE92B0F0051B57F /* Main.storyboard in Resources */,
			);
			runOnlyForDeploymentPostprocessing = 0;
		};
/* End PBXResourcesBuildPhase section */

/* Begin PBXSourcesBuildPhase section */
		AC9064511BE92B0F0051B57F /* Sources */ = {
			isa = PBXSourcesBuildPhase;
			buildActionMask = 2147483647;
			files = (
				AC9064601BE92B0F0051B57F /* ViewController.m in Sources */,
				AC90645D1BE92B0F0051B57F /* AppDelegate.m in Sources */,
				AC9064781BE92EA30051B57F /* IPMessagingManager.m in Sources */,
				AC90645A1BE92B0F0051B57F /* main.m in Sources */,
			);
			runOnlyForDeploymentPostprocessing = 0;
		};
/* End PBXSourcesBuildPhase section */

/* Begin PBXVariantGroup section */
		AC9064611BE92B0F0051B57F /* Main.storyboard */ = {
			isa = PBXVariantGroup;
			children = (
				AC9064621BE92B0F0051B57F /* Base */,
			);
			name = Main.storyboard;
			sourceTree = "<group>";
		};
		AC9064661BE92B0F0051B57F /* LaunchScreen.storyboard */ = {
			isa = PBXVariantGroup;
			children = (
				AC9064671BE92B0F0051B57F /* Base */,
			);
			name = LaunchScreen.storyboard;
			sourceTree = "<group>";
		};
/* End PBXVariantGroup section */

/* Begin XCBuildConfiguration section */
		AC90646A1BE92B0F0051B57F /* Debug */ = {
			isa = XCBuildConfiguration;
			buildSettings = {
				ALWAYS_SEARCH_USER_PATHS = NO;
				CLANG_CXX_LANGUAGE_STANDARD = "gnu++0x";
				CLANG_CXX_LIBRARY = "libc++";
				CLANG_ENABLE_MODULES = YES;
				CLANG_ENABLE_OBJC_ARC = YES;
				CLANG_WARN_BOOL_CONVERSION = YES;
				CLANG_WARN_CONSTANT_CONVERSION = YES;
				CLANG_WARN_DIRECT_OBJC_ISA_USAGE = YES_ERROR;
				CLANG_WARN_EMPTY_BODY = YES;
				CLANG_WARN_ENUM_CONVERSION = YES;
				CLANG_WARN_INT_CONVERSION = YES;
				CLANG_WARN_OBJC_ROOT_CLASS = YES_ERROR;
				CLANG_WARN_UNREACHABLE_CODE = YES;
				CLANG_WARN__DUPLICATE_METHOD_MATCH = YES;
				"CODE_SIGN_IDENTITY[sdk=iphoneos*]" = "iPhone Developer";
				COPY_PHASE_STRIP = NO;
				DEBUG_INFORMATION_FORMAT = dwarf;
				ENABLE_STRICT_OBJC_MSGSEND = YES;
				ENABLE_TESTABILITY = YES;
				GCC_C_LANGUAGE_STANDARD = gnu99;
				GCC_DYNAMIC_NO_PIC = NO;
				GCC_NO_COMMON_BLOCKS = YES;
				GCC_OPTIMIZATION_LEVEL = 0;
				GCC_PREPROCESSOR_DEFINITIONS = (
					"DEBUG=1",
					"$(inherited)",
				);
				GCC_WARN_64_TO_32_BIT_CONVERSION = YES;
				GCC_WARN_ABOUT_RETURN_TYPE = YES_ERROR;
				GCC_WARN_UNDECLARED_SELECTOR = YES;
				GCC_WARN_UNINITIALIZED_AUTOS = YES_AGGRESSIVE;
				GCC_WARN_UNUSED_FUNCTION = YES;
				GCC_WARN_UNUSED_VARIABLE = YES;
				IPHONEOS_DEPLOYMENT_TARGET = 9.0;
				MTL_ENABLE_DEBUG_INFO = YES;
				ONLY_ACTIVE_ARCH = YES;
				SDKROOT = iphoneos;
			};
			name = Debug;
		};
		AC90646B1BE92B0F0051B57F /* Release */ = {
			isa = XCBuildConfiguration;
			buildSettings = {
				ALWAYS_SEARCH_USER_PATHS = NO;
				CLANG_CXX_LANGUAGE_STANDARD = "gnu++0x";
				CLANG_CXX_LIBRARY = "libc++";
				CLANG_ENABLE_MODULES = YES;
				CLANG_ENABLE_OBJC_ARC = YES;
				CLANG_WARN_BOOL_CONVERSION = YES;
				CLANG_WARN_CONSTANT_CONVERSION = YES;
				CLANG_WARN_DIRECT_OBJC_ISA_USAGE = YES_ERROR;
				CLANG_WARN_EMPTY_BODY = YES;
				CLANG_WARN_ENUM_CONVERSION = YES;
				CLANG_WARN_INT_CONVERSION = YES;
				CLANG_WARN_OBJC_ROOT_CLASS = YES_ERROR;
				CLANG_WARN_UNREACHABLE_CODE = YES;
				CLANG_WARN__DUPLICATE_METHOD_MATCH = YES;
				"CODE_SIGN_IDENTITY[sdk=iphoneos*]" = "iPhone Developer";
				COPY_PHASE_STRIP = NO;
				DEBUG_INFORMATION_FORMAT = "dwarf-with-dsym";
				ENABLE_NS_ASSERTIONS = NO;
				ENABLE_STRICT_OBJC_MSGSEND = YES;
				GCC_C_LANGUAGE_STANDARD = gnu99;
				GCC_NO_COMMON_BLOCKS = YES;
				GCC_WARN_64_TO_32_BIT_CONVERSION = YES;
				GCC_WARN_ABOUT_RETURN_TYPE = YES_ERROR;
				GCC_WARN_UNDECLARED_SELECTOR = YES;
				GCC_WARN_UNINITIALIZED_AUTOS = YES_AGGRESSIVE;
				GCC_WARN_UNUSED_FUNCTION = YES;
				GCC_WARN_UNUSED_VARIABLE = YES;
				IPHONEOS_DEPLOYMENT_TARGET = 9.0;
				MTL_ENABLE_DEBUG_INFO = NO;
				SDKROOT = iphoneos;
				VALIDATE_PRODUCT = YES;
			};
			name = Release;
		};
		AC90646D1BE92B0F0051B57F /* Debug */ = {
			isa = XCBuildConfiguration;
			buildSettings = {
				ASSETCATALOG_COMPILER_APPICON_NAME = AppIcon;
				ENABLE_BITCODE = NO;
				FRAMEWORK_SEARCH_PATHS = (
					"$(inherited)",
					"$(PROJECT_DIR)",
				);
				INFOPLIST_FILE = IPMQuickstart/Info.plist;
				LD_RUNPATH_SEARCH_PATHS = "$(inherited) @executable_path/Frameworks";
				PRODUCT_BUNDLE_IDENTIFIER = Twilio.IPMQuickstart;
				PRODUCT_NAME = "$(TARGET_NAME)";
			};
			name = Debug;
		};
		AC90646E1BE92B0F0051B57F /* Release */ = {
			isa = XCBuildConfiguration;
			buildSettings = {
				ASSETCATALOG_COMPILER_APPICON_NAME = AppIcon;
				ENABLE_BITCODE = NO;
				FRAMEWORK_SEARCH_PATHS = (
					"$(inherited)",
					"$(PROJECT_DIR)",
				);
				INFOPLIST_FILE = IPMQuickstart/Info.plist;
				LD_RUNPATH_SEARCH_PATHS = "$(inherited) @executable_path/Frameworks";
				PRODUCT_BUNDLE_IDENTIFIER = Twilio.IPMQuickstart;
				PRODUCT_NAME = "$(TARGET_NAME)";
			};
			name = Release;
		};
/* End XCBuildConfiguration section */

/* Begin XCConfigurationList section */
		AC9064501BE92B0F0051B57F /* Build configuration list for PBXProject "IPMQuickstart" */ = {
			isa = XCConfigurationList;
			buildConfigurations = (
				AC90646A1BE92B0F0051B57F /* Debug */,
				AC90646B1BE92B0F0051B57F /* Release */,
			);
			defaultConfigurationIsVisible = 0;
			defaultConfigurationName = Release;
		};
		AC90646C1BE92B0F0051B57F /* Build configuration list for PBXNativeTarget "IPMQuickstart" */ = {
			isa = XCConfigurationList;
			buildConfigurations = (
				AC90646D1BE92B0F0051B57F /* Debug */,
				AC90646E1BE92B0F0051B57F /* Release */,
			);
			defaultConfigurationIsVisible = 0;
		};
/* End XCConfigurationList section */
	};
	rootObject = AC90644D1BE92B0F0051B57F /* Project object */;
}
